
Microsoft Visual Studio Solution File, Format Version 12.00
# Visual Studio Version 17
VisualStudioVersion = 17.11.35327.3
MinimumVisualStudioVersion = 10.0.40219.1
Project("{FAE04EC0-301F-11D3-BF4B-00C04F79EFBC}") = "ModernTextViewer", "ModernTextViewer.csproj", "{14F7E71F-5615-42D4-921E-45FA3DF8BA86}"
EndProject
Global
	GlobalSection(SolutionConfigurationPlatforms) = preSolution
		Debug|Any CPU = Debug|Any CPU
		Release|Any CPU = Release|Any CPU
	EndGlobalSection
	GlobalSection(ProjectConfigurationPlatforms) = postSolution
		{14F7E71F-5615-42D4-921E-45FA3DF8BA86}.Debug|Any CPU.ActiveCfg = Debug|Any CPU
		{14F7E71F-5615-42D4-921E-45FA3DF8BA86}.Debug|Any CPU.Build.0 = Debug|Any CPU
		{14F7E71F-5615-42D4-921E-45FA3DF8BA86}.Release|Any CPU.ActiveCfg = Release|Any CPU
		{14F7E71F-5615-42D4-921E-45FA3DF8BA86}.Release|Any CPU.Build.0 = Release|Any CPU
	EndGlobalSection
	GlobalSection(SolutionProperties) = preSolution
		HideSolutionNode = FALSE
	EndGlobalSection
	GlobalSection(ExtensibilityGlobals) = postSolution
		SolutionGuid = {069D453F-8CCB-4A3F-9EB0-19AFE0BBF121}
	EndGlobalSection
EndGlobal
